
Microsoft Visual Studio Solution File, Format Version 12.00
# Visual Studio Version 17
VisualStudioVersion = 17.0.31903.59
MinimumVisualStudioVersion = 10.0.40219.1
Project("{FAE04EC0-301F-11D3-BF4B-00C04F79EFBC}") = "Entities", "Entities\Entities.csproj", "{B12EDC9C-9DF7-4870-A752-0EF92C05AC15}"
EndProject
Project("{FAE04EC0-301F-11D3-BF4B-00C04F79EFBC}") = "DataAccess", "DataAccess\DataAccess.csproj", "{314E269C-2D3C-49CF-932A-46DB8F422E74}"
EndProject
Project("{FAE04EC0-301F-11D3-BF4B-00C04F79EFBC}") = "Business", "Business\Business.csproj", "{447E58A0-ADF7-4128-8B2B-1D28658C91CF}"
EndProject
Project("{FAE04EC0-301F-11D3-BF4B-00C04F79EFBC}") = "API", "API\API.csproj", "{4366CA09-F55C-4F91-9C51-58BBF9F7B6B3}"
EndProject
Project("{FAE04EC0-301F-11D3-BF4B-00C04F79EFBC}") = "Core", "Core\Core.csproj", "{4ABBDF43-F76E-495E-9BFA-0E7C2BDC49FF}"
EndProject
Global
	GlobalSection(SolutionConfigurationPlatforms) = preSolution
		Debug|Any CPU = Debug|Any CPU
		Debug|x64 = Debug|x64
		Debug|x86 = Debug|x86
		Release|Any CPU = Release|Any CPU
		Release|x64 = Release|x64
		Release|x86 = Release|x86
	EndGlobalSection
	GlobalSection(ProjectConfigurationPlatforms) = postSolution
		{B12EDC9C-9DF7-4870-A752-0EF92C05AC15}.Debug|Any CPU.ActiveCfg = Debug|Any CPU
		{B12EDC9C-9DF7-4870-A752-0EF92C05AC15}.Debug|Any CPU.Build.0 = Debug|Any CPU
		{B12EDC9C-9DF7-4870-A752-0EF92C05AC15}.Debug|x64.ActiveCfg = Debug|Any CPU
		{B12EDC9C-9DF7-4870-A752-0EF92C05AC15}.Debug|x64.Build.0 = Debug|Any CPU
		{B12EDC9C-9DF7-4870-A752-0EF92C05AC15}.Debug|x86.ActiveCfg = Debug|Any CPU
		{B12EDC9C-9DF7-4870-A752-0EF92C05AC15}.Debug|x86.Build.0 = Debug|Any CPU
		{B12EDC9C-9DF7-4870-A752-0EF92C05AC15}.Release|Any CPU.ActiveCfg = Release|Any CPU
		{B12EDC9C-9DF7-4870-A752-0EF92C05AC15}.Release|Any CPU.Build.0 = Release|Any CPU
		{B12EDC9C-9DF7-4870-A752-0EF92C05AC15}.Release|x64.ActiveCfg = Release|Any CPU
		{B12EDC9C-9DF7-4870-A752-0EF92C05AC15}.Release|x64.Build.0 = Release|Any CPU
		{B12EDC9C-9DF7-4870-A752-0EF92C05AC15}.Release|x86.ActiveCfg = Release|Any CPU
		{B12EDC9C-9DF7-4870-A752-0EF92C05AC15}.Release|x86.Build.0 = Release|Any CPU
		{314E269C-2D3C-49CF-932A-46DB8F422E74}.Debug|Any CPU.ActiveCfg = Debug|Any CPU
		{314E269C-2D3C-49CF-932A-46DB8F422E74}.Debug|Any CPU.Build.0 = Debug|Any CPU
		{314E269C-2D3C-49CF-932A-46DB8F422E74}.Debug|x64.ActiveCfg = Debug|Any CPU
		{314E269C-2D3C-49CF-932A-46DB8F422E74}.Debug|x64.Build.0 = Debug|Any CPU
		{314E269C-2D3C-49CF-932A-46DB8F422E74}.Debug|x86.ActiveCfg = Debug|Any CPU
		{314E269C-2D3C-49CF-932A-46DB8F422E74}.Debug|x86.Build.0 = Debug|Any CPU
		{314E269C-2D3C-49CF-932A-46DB8F422E74}.Release|Any CPU.ActiveCfg = Release|Any CPU
		{314E269C-2D3C-49CF-932A-46DB8F422E74}.Release|Any CPU.Build.0 = Release|Any CPU
		{314E269C-2D3C-49CF-932A-46DB8F422E74}.Release|x64.ActiveCfg = Release|Any CPU
		{314E269C-2D3C-49CF-932A-46DB8F422E74}.Release|x64.Build.0 = Release|Any CPU
		{314E269C-2D3C-49CF-932A-46DB8F422E74}.Release|x86.ActiveCfg = Release|Any CPU
		{314E269C-2D3C-49CF-932A-46DB8F422E74}.Release|x86.Build.0 = Release|Any CPU
		{447E58A0-ADF7-4128-8B2B-1D28658C91CF}.Debug|Any CPU.ActiveCfg = Debug|Any CPU
		{447E58A0-ADF7-4128-8B2B-1D28658C91CF}.Debug|Any CPU.Build.0 = Debug|Any CPU
		{447E58A0-ADF7-4128-8B2B-1D28658C91CF}.Debug|x64.ActiveCfg = Debug|Any CPU
		{447E58A0-ADF7-4128-8B2B-1D28658C91CF}.Debug|x64.Build.0 = Debug|Any CPU
		{447E58A0-ADF7-4128-8B2B-1D28658C91CF}.Debug|x86.ActiveCfg = Debug|Any CPU
		{447E58A0-ADF7-4128-8B2B-1D28658C91CF}.Debug|x86.Build.0 = Debug|Any CPU
		{447E58A0-ADF7-4128-8B2B-1D28658C91CF}.Release|Any CPU.ActiveCfg = Release|Any CPU
		{447E58A0-ADF7-4128-8B2B-1D28658C91CF}.Release|Any CPU.Build.0 = Release|Any CPU
		{447E58A0-ADF7-4128-8B2B-1D28658C91CF}.Release|x64.ActiveCfg = Release|Any CPU
		{447E58A0-ADF7-4128-8B2B-1D28658C91CF}.Release|x64.Build.0 = Release|Any CPU
		{447E58A0-ADF7-4128-8B2B-1D28658C91CF}.Release|x86.ActiveCfg = Release|Any CPU
		{447E58A0-ADF7-4128-8B2B-1D28658C91CF}.Release|x86.Build.0 = Release|Any CPU
		{4366CA09-F55C-4F91-9C51-58BBF9F7B6B3}.Debug|Any CPU.ActiveCfg = Debug|Any CPU
		{4366CA09-F55C-4F91-9C51-58BBF9F7B6B3}.Debug|Any CPU.Build.0 = Debug|Any CPU
		{4366CA09-F55C-4F91-9C51-58BBF9F7B6B3}.Debug|x64.ActiveCfg = Debug|Any CPU
		{4366CA09-F55C-4F91-9C51-58BBF9F7B6B3}.Debug|x64.Build.0 = Debug|Any CPU
		{4366CA09-F55C-4F91-9C51-58BBF9F7B6B3}.Debug|x86.ActiveCfg = Debug|Any CPU
		{4366CA09-F55C-4F91-9C51-58BBF9F7B6B3}.Debug|x86.Build.0 = Debug|Any CPU
		{4366CA09-F55C-4F91-9C51-58BBF9F7B6B3}.Release|Any CPU.ActiveCfg = Release|Any CPU
		{4366CA09-F55C-4F91-9C51-58BBF9F7B6B3}.Release|Any CPU.Build.0 = Release|Any CPU
		{4366CA09-F55C-4F91-9C51-58BBF9F7B6B3}.Release|x64.ActiveCfg = Release|Any CPU
		{4366CA09-F55C-4F91-9C51-58BBF9F7B6B3}.Release|x64.Build.0 = Release|Any CPU
		{4366CA09-F55C-4F91-9C51-58BBF9F7B6B3}.Release|x86.ActiveCfg = Release|Any CPU
		{4366CA09-F55C-4F91-9C51-58BBF9F7B6B3}.Release|x86.Build.0 = Release|Any CPU
		{4ABBDF43-F76E-495E-9BFA-0E7C2BDC49FF}.Debug|Any CPU.ActiveCfg = Debug|Any CPU
		{4ABBDF43-F76E-495E-9BFA-0E7C2BDC49FF}.Debug|Any CPU.Build.0 = Debug|Any CPU
		{4ABBDF43-F76E-495E-9BFA-0E7C2BDC49FF}.Debug|x64.ActiveCfg = Debug|Any CPU
		{4ABBDF43-F76E-495E-9BFA-0E7C2BDC49FF}.Debug|x64.Build.0 = Debug|Any CPU
		{4ABBDF43-F76E-495E-9BFA-0E7C2BDC49FF}.Debug|x86.ActiveCfg = Debug|Any CPU
		{4ABBDF43-F76E-495E-9BFA-0E7C2BDC49FF}.Debug|x86.Build.0 = Debug|Any CPU
		{4ABBDF43-F76E-495E-9BFA-0E7C2BDC49FF}.Release|Any CPU.ActiveCfg = Release|Any CPU
		{4ABBDF43-F76E-495E-9BFA-0E7C2BDC49FF}.Release|Any CPU.Build.0 = Release|Any CPU
		{4ABBDF43-F76E-495E-9BFA-0E7C2BDC49FF}.Release|x64.ActiveCfg = Release|Any CPU
		{4ABBDF43-F76E-495E-9BFA-0E7C2BDC49FF}.Release|x64.Build.0 = Release|Any CPU
		{4ABBDF43-F76E-495E-9BFA-0E7C2BDC49FF}.Release|x86.ActiveCfg = Release|Any CPU
		{4ABBDF43-F76E-495E-9BFA-0E7C2BDC49FF}.Release|x86.Build.0 = Release|Any CPU
	EndGlobalSection
	GlobalSection(SolutionProperties) = preSolution
		HideSolutionNode = FALSE
	EndGlobalSection
EndGlobal
